# This file is autogenerated, do not edit; changes may be undone by the next 'dep ensure'.


[[projects]]
  branch = "master"
  digest = "1:d66bde2cf89268f79e72b1ff1623bcd20bc267bffe290b48254e8a2820dbe519"
  name = "github.com/fetchrobotics/rosgo"
  packages = [
    "ros",
    "xmlrpc",
  ]
  pruneopts = "UT"
  revision = "2a832421948707baca6413fe4394e28ed0c36d86"

[solve-meta]
  analyzer-name = "dep"
  analyzer-version = 1
  input-imports = [
    "github.com/fetchrobotics/rosgo/ros",
    "github.com/fetchrobotics/rosgo/xmlrpc",
  ]
  solver-name = "gps-cdcl"
  solver-version = 1
